// !$*UTF8*$!
{
	archiveVersion = 1;
	classes = {
	};
	objectVersion = 46;
	objects = {

/* Begin PBXBuildFile section */
		1209820A1F26BBE700EC5D21 /* AppDelegate.swift in Sources */ = {isa = PBXBuildFile; fileRef = 120982091F26BBE700EC5D21 /* AppDelegate.swift */; };
		1209820F1F26BBE700EC5D21 /* Main.storyboard in Resources */ = {isa = PBXBuildFile; fileRef = 1209820D1F26BBE700EC5D21 /* Main.storyboard */; };
		120982111F26BBE700EC5D21 /* Assets.xcassets in Resources */ = {isa = PBXBuildFile; fileRef = 120982101F26BBE700EC5D21 /* Assets.xcassets */; };
		120982141F26BBE700EC5D21 /* LaunchScreen.storyboard in Resources */ = {isa = PBXBuildFile; fileRef = 120982121F26BBE700EC5D21 /* LaunchScreen.storyboard */; };
		123BD0D31F2F6BF600B99019 /* Popups.storyboard in Resources */ = {isa = PBXBuildFile; fileRef = 123BD0D21F2F6BF600B99019 /* Popups.storyboard */; };
		123BD0D51F2F6C1600B99019 /* AlertsVC.swift in Sources */ = {isa = PBXBuildFile; fileRef = 123BD0D41F2F6C1600B99019 /* AlertsVC.swift */; };
		123BD0D71F2FE66400B99019 /* StringExtensions.swift in Sources */ = {isa = PBXBuildFile; fileRef = 123BD0D61F2FE66400B99019 /* StringExtensions.swift */; };
		123BD0DA1F2FF34D00B99019 /* NightCell.swift in Sources */ = {isa = PBXBuildFile; fileRef = 123BD0D91F2FF34D00B99019 /* NightCell.swift */; };
		123BD0DC1F3000A000B99019 /* MainNightVC.swift in Sources */ = {isa = PBXBuildFile; fileRef = 123BD0DB1F3000A000B99019 /* MainNightVC.swift */; };
		123BD0E61F31474A00B99019 /* AssignPlayer.xib in Resources */ = {isa = PBXBuildFile; fileRef = 123BD0E51F31474A00B99019 /* AssignPlayer.xib */; };
		123BD0EE1F31555B00B99019 /* AssignPlayer.swift in Sources */ = {isa = PBXBuildFile; fileRef = 123BD0ED1F31555B00B99019 /* AssignPlayer.swift */; };
		1260ED331F2C2A78001A8F7B /* AddPlayerVC.swift in Sources */ = {isa = PBXBuildFile; fileRef = 1260ED321F2C2A78001A8F7B /* AddPlayerVC.swift */; };
		1261C2B31F325AF20099D759 /* EliminatePlayerVC.swift in Sources */ = {isa = PBXBuildFile; fileRef = 1261C2B21F325AF20099D759 /* EliminatePlayerVC.swift */; };
		1261C2B71F3265DA0099D759 /* File.swift in Sources */ = {isa = PBXBuildFile; fileRef = 1261C2B61F3265DA0099D759 /* File.swift */; };
		1261C2BE1F32AA960099D759 /* GeneralInfo.swift in Sources */ = {isa = PBXBuildFile; fileRef = 1261C2BC1F32AA960099D759 /* GeneralInfo.swift */; };
		1261C2BF1F32AA960099D759 /* GeneralInfo.xib in Resources */ = {isa = PBXBuildFile; fileRef = 1261C2BD1F32AA960099D759 /* GeneralInfo.xib */; };
		12D15E1E1F2D2E7E0057905E /* PMSuperButton.swift in Sources */ = {isa = PBXBuildFile; fileRef = 12D15E1D1F2D2E7E0057905E /* PMSuperButton.swift */; };
		12D15E201F2E82870057905E /* RoleSelectionCell.swift in Sources */ = {isa = PBXBuildFile; fileRef = 12D15E1F1F2E82870057905E /* RoleSelectionCell.swift */; };
		12D15E231F2EA8470057905E /* MainGameVC.swift in Sources */ = {isa = PBXBuildFile; fileRef = 12D15E221F2EA8470057905E /* MainGameVC.swift */; };
		12D15E271F2EB0AB0057905E /* FadeAnimations.swift in Sources */ = {isa = PBXBuildFile; fileRef = 12D15E261F2EB0AB0057905E /* FadeAnimations.swift */; };
		12D15E291F2EBCCA0057905E /* ColourDefinitions.swift in Sources */ = {isa = PBXBuildFile; fileRef = 12D15E281F2EBCCA0057905E /* ColourDefinitions.swift */; };
		12D15E2B1F2EC5420057905E /* ArrayExtension.swift in Sources */ = {isa = PBXBuildFile; fileRef = 12D15E2A1F2EC5420057905E /* ArrayExtension.swift */; };
		12EC77D11F26D4AA0026C667 /* AboutVC.swift in Sources */ = {isa = PBXBuildFile; fileRef = 12EC77D01F26D4AA0026C667 /* AboutVC.swift */; };
		12EC77D41F26D4DC0026C667 /* Roles.swift in Sources */ = {isa = PBXBuildFile; fileRef = 12EC77D31F26D4DC0026C667 /* Roles.swift */; };
		12EC77D91F26DD250026C667 /* Constants.swift in Sources */ = {isa = PBXBuildFile; fileRef = 12EC77D81F26DD250026C667 /* Constants.swift */; };
		12EC77DB1F27541A0026C667 /* Player.swift in Sources */ = {isa = PBXBuildFile; fileRef = 12EC77DA1F27541A0026C667 /* Player.swift */; };
		12EC77DD1F2831C90026C667 /* Game.swift in Sources */ = {isa = PBXBuildFile; fileRef = 12EC77DC1F2831C90026C667 /* Game.swift */; };
		12EC77DF1F2978920026C667 /* Artifacts.swift in Sources */ = {isa = PBXBuildFile; fileRef = 12EC77DE1F2978920026C667 /* Artifacts.swift */; };
		12EC77E11F297A3E0026C667 /* ArtifactConstants.swift in Sources */ = {isa = PBXBuildFile; fileRef = 12EC77E01F297A3E0026C667 /* ArtifactConstants.swift */; };
		12EC77E31F29881F0026C667 /* RoleConstants.swift in Sources */ = {isa = PBXBuildFile; fileRef = 12EC77E21F29881F0026C667 /* RoleConstants.swift */; };
		12EC77E51F2BDAB00026C667 /* RoleSelectVC.swift in Sources */ = {isa = PBXBuildFile; fileRef = 12EC77E41F2BDAB00026C667 /* RoleSelectVC.swift */; };
		12EC77E71F2BDAC00026C667 /* PlayerSelectVC.swift in Sources */ = {isa = PBXBuildFile; fileRef = 12EC77E61F2BDAC00026C667 /* PlayerSelectVC.swift */; };
		12EC77E91F2BDAE00026C667 /* NightVC.swift in Sources */ = {isa = PBXBuildFile; fileRef = 12EC77E81F2BDAE00026C667 /* NightVC.swift */; };
		12EC77EB1F2BDAEA0026C667 /* DayVC.swift in Sources */ = {isa = PBXBuildFile; fileRef = 12EC77EA1F2BDAEA0026C667 /* DayVC.swift */; };
		12EC77F41F2BDBD90026C667 /* NightPhase.storyboard in Resources */ = {isa = PBXBuildFile; fileRef = 12EC77F31F2BDBD90026C667 /* NightPhase.storyboard */; };
		12EC77F61F2BDBE40026C667 /* DayPhase.storyboard in Resources */ = {isa = PBXBuildFile; fileRef = 12EC77F51F2BDBE40026C667 /* DayPhase.storyboard */; };
		12EC77FB1F2BE1D40026C667 /* Old Wise Sketch.otf in Resources */ = {isa = PBXBuildFile; fileRef = 12EC77FA1F2BE1D40026C667 /* Old Wise Sketch.otf */; };
		12EC78001F2BE2FE0026C667 /* TisprCardStackViewCell.swift in Sources */ = {isa = PBXBuildFile; fileRef = 12EC77FD1F2BE2FE0026C667 /* TisprCardStackViewCell.swift */; };
		12EC78011F2BE2FE0026C667 /* TisprCardStackViewController.swift in Sources */ = {isa = PBXBuildFile; fileRef = 12EC77FE1F2BE2FE0026C667 /* TisprCardStackViewController.swift */; };
		12EC78021F2BE2FE0026C667 /* TisprCardStackViewLayout.swift in Sources */ = {isa = PBXBuildFile; fileRef = 12EC77FF1F2BE2FE0026C667 /* TisprCardStackViewLayout.swift */; };
		12EC78041F2BE8AA0026C667 /* screenSmoke.sks in Resources */ = {isa = PBXBuildFile; fileRef = 12EC78031F2BE8AA0026C667 /* screenSmoke.sks */; };
		12EC78081F2BE9E50026C667 /* MenuVC.swift in Sources */ = {isa = PBXBuildFile; fileRef = 12EC78071F2BE9E50026C667 /* MenuVC.swift */; };
		12EC780D1F2C02990026C667 /* CircularTransition.swift in Sources */ = {isa = PBXBuildFile; fileRef = 12EC780C1F2C02990026C667 /* CircularTransition.swift */; };
		7736D0921F3399BC00555037 /* HelpVC.swift in Sources */ = {isa = PBXBuildFile; fileRef = 7736D0911F3399BC00555037 /* HelpVC.swift */; };
		77F9E1201F31040600E48211 /* OldTextLabels.swift in Sources */ = {isa = PBXBuildFile; fileRef = 77F9E11F1F31040600E48211 /* OldTextLabels.swift */; };
		77F9E1221F310CCE00E48211 /* RegularTextLabels.swift in Sources */ = {isa = PBXBuildFile; fileRef = 77F9E1211F310CCE00E48211 /* RegularTextLabels.swift */; };
/* End PBXBuildFile section */

/* Begin PBXFileReference section */
		120982061F26BBE700EC5D21 /* UWMod.app */ = {isa = PBXFileReference; explicitFileType = wrapper.application; includeInIndex = 0; path = UWMod.app; sourceTree = BUILT_PRODUCTS_DIR; };
		120982091F26BBE700EC5D21 /* AppDelegate.swift */ = {isa = PBXFileReference; lastKnownFileType = sourcecode.swift; path = AppDelegate.swift; sourceTree = "<group>"; };
		1209820E1F26BBE700EC5D21 /* Base */ = {isa = PBXFileReference; lastKnownFileType = file.storyboard; name = Base; path = Base.lproj/Main.storyboard; sourceTree = "<group>"; };
		120982101F26BBE700EC5D21 /* Assets.xcassets */ = {isa = PBXFileReference; lastKnownFileType = folder.assetcatalog; path = Assets.xcassets; sourceTree = "<group>"; };
		120982131F26BBE700EC5D21 /* Base */ = {isa = PBXFileReference; lastKnownFileType = file.storyboard; name = Base; path = Base.lproj/LaunchScreen.storyboard; sourceTree = "<group>"; };
		120982151F26BBE700EC5D21 /* Info.plist */ = {isa = PBXFileReference; lastKnownFileType = text.plist.xml; path = Info.plist; sourceTree = "<group>"; };
		123BD0D21F2F6BF600B99019 /* Popups.storyboard */ = {isa = PBXFileReference; fileEncoding = 4; lastKnownFileType = file.storyboard; path = Popups.storyboard; sourceTree = "<group>"; };
		123BD0D41F2F6C1600B99019 /* AlertsVC.swift */ = {isa = PBXFileReference; fileEncoding = 4; lastKnownFileType = sourcecode.swift; path = AlertsVC.swift; sourceTree = "<group>"; };
		123BD0D61F2FE66400B99019 /* StringExtensions.swift */ = {isa = PBXFileReference; fileEncoding = 4; lastKnownFileType = sourcecode.swift; path = StringExtensions.swift; sourceTree = "<group>"; };
		123BD0D91F2FF34D00B99019 /* NightCell.swift */ = {isa = PBXFileReference; fileEncoding = 4; lastKnownFileType = sourcecode.swift; path = NightCell.swift; sourceTree = "<group>"; };
		123BD0DB1F3000A000B99019 /* MainNightVC.swift */ = {isa = PBXFileReference; fileEncoding = 4; lastKnownFileType = sourcecode.swift; path = MainNightVC.swift; sourceTree = "<group>"; };
		123BD0E51F31474A00B99019 /* AssignPlayer.xib */ = {isa = PBXFileReference; fileEncoding = 4; lastKnownFileType = file.xib; path = AssignPlayer.xib; sourceTree = "<group>"; };
		123BD0ED1F31555B00B99019 /* AssignPlayer.swift */ = {isa = PBXFileReference; fileEncoding = 4; lastKnownFileType = sourcecode.swift; path = AssignPlayer.swift; sourceTree = "<group>"; };
		1260ED321F2C2A78001A8F7B /* AddPlayerVC.swift */ = {isa = PBXFileReference; fileEncoding = 4; lastKnownFileType = sourcecode.swift; path = AddPlayerVC.swift; sourceTree = "<group>"; };
		1261C2B21F325AF20099D759 /* EliminatePlayerVC.swift */ = {isa = PBXFileReference; fileEncoding = 4; lastKnownFileType = sourcecode.swift; path = EliminatePlayerVC.swift; sourceTree = "<group>"; };
		1261C2B61F3265DA0099D759 /* File.swift */ = {isa = PBXFileReference; fileEncoding = 4; lastKnownFileType = sourcecode.swift; path = File.swift; sourceTree = "<group>"; };
		1261C2BC1F32AA960099D759 /* GeneralInfo.swift */ = {isa = PBXFileReference; fileEncoding = 4; lastKnownFileType = sourcecode.swift; path = GeneralInfo.swift; sourceTree = "<group>"; };
		1261C2BD1F32AA960099D759 /* GeneralInfo.xib */ = {isa = PBXFileReference; fileEncoding = 4; lastKnownFileType = file.xib; path = GeneralInfo.xib; sourceTree = "<group>"; };
		12D15E1D1F2D2E7E0057905E /* PMSuperButton.swift */ = {isa = PBXFileReference; fileEncoding = 4; lastKnownFileType = sourcecode.swift; path = PMSuperButton.swift; sourceTree = "<group>"; };
		12D15E1F1F2E82870057905E /* RoleSelectionCell.swift */ = {isa = PBXFileReference; fileEncoding = 4; lastKnownFileType = sourcecode.swift; path = RoleSelectionCell.swift; sourceTree = "<group>"; };
		12D15E221F2EA8470057905E /* MainGameVC.swift */ = {isa = PBXFileReference; fileEncoding = 4; lastKnownFileType = sourcecode.swift; path = MainGameVC.swift; sourceTree = "<group>"; };
		12D15E261F2EB0AB0057905E /* FadeAnimations.swift */ = {isa = PBXFileReference; fileEncoding = 4; lastKnownFileType = sourcecode.swift; path = FadeAnimations.swift; sourceTree = "<group>"; };
		12D15E281F2EBCCA0057905E /* ColourDefinitions.swift */ = {isa = PBXFileReference; fileEncoding = 4; lastKnownFileType = sourcecode.swift; path = ColourDefinitions.swift; sourceTree = "<group>"; };
		12D15E2A1F2EC5420057905E /* ArrayExtension.swift */ = {isa = PBXFileReference; fileEncoding = 4; lastKnownFileType = sourcecode.swift; path = ArrayExtension.swift; sourceTree = "<group>"; };
		12EC77D01F26D4AA0026C667 /* AboutVC.swift */ = {isa = PBXFileReference; fileEncoding = 4; lastKnownFileType = sourcecode.swift; path = AboutVC.swift; sourceTree = "<group>"; };
		12EC77D31F26D4DC0026C667 /* Roles.swift */ = {isa = PBXFileReference; fileEncoding = 4; lastKnownFileType = sourcecode.swift; path = Roles.swift; sourceTree = "<group>"; };
		12EC77D81F26DD250026C667 /* Constants.swift */ = {isa = PBXFileReference; fileEncoding = 4; lastKnownFileType = sourcecode.swift; path = Constants.swift; sourceTree = "<group>"; };
		12EC77DA1F27541A0026C667 /* Player.swift */ = {isa = PBXFileReference; fileEncoding = 4; lastKnownFileType = sourcecode.swift; path = Player.swift; sourceTree = "<group>"; };
		12EC77DC1F2831C90026C667 /* Game.swift */ = {isa = PBXFileReference; fileEncoding = 4; lastKnownFileType = sourcecode.swift; path = Game.swift; sourceTree = "<group>"; };
		12EC77DE1F2978920026C667 /* Artifacts.swift */ = {isa = PBXFileReference; fileEncoding = 4; lastKnownFileType = sourcecode.swift; path = Artifacts.swift; sourceTree = "<group>"; };
		12EC77E01F297A3E0026C667 /* ArtifactConstants.swift */ = {isa = PBXFileReference; fileEncoding = 4; lastKnownFileType = sourcecode.swift; path = ArtifactConstants.swift; sourceTree = "<group>"; };
		12EC77E21F29881F0026C667 /* RoleConstants.swift */ = {isa = PBXFileReference; fileEncoding = 4; lastKnownFileType = sourcecode.swift; path = RoleConstants.swift; sourceTree = "<group>"; };
		12EC77E41F2BDAB00026C667 /* RoleSelectVC.swift */ = {isa = PBXFileReference; fileEncoding = 4; lastKnownFileType = sourcecode.swift; path = RoleSelectVC.swift; sourceTree = "<group>"; };
		12EC77E61F2BDAC00026C667 /* PlayerSelectVC.swift */ = {isa = PBXFileReference; fileEncoding = 4; lastKnownFileType = sourcecode.swift; path = PlayerSelectVC.swift; sourceTree = "<group>"; };
		12EC77E81F2BDAE00026C667 /* NightVC.swift */ = {isa = PBXFileReference; fileEncoding = 4; lastKnownFileType = sourcecode.swift; path = NightVC.swift; sourceTree = "<group>"; };
		12EC77EA1F2BDAEA0026C667 /* DayVC.swift */ = {isa = PBXFileReference; fileEncoding = 4; lastKnownFileType = sourcecode.swift; path = DayVC.swift; sourceTree = "<group>"; };
		12EC77F31F2BDBD90026C667 /* NightPhase.storyboard */ = {isa = PBXFileReference; fileEncoding = 4; lastKnownFileType = file.storyboard; path = NightPhase.storyboard; sourceTree = "<group>"; };
		12EC77F51F2BDBE40026C667 /* DayPhase.storyboard */ = {isa = PBXFileReference; fileEncoding = 4; lastKnownFileType = file.storyboard; path = DayPhase.storyboard; sourceTree = "<group>"; };
		12EC77FA1F2BE1D40026C667 /* Old Wise Sketch.otf */ = {isa = PBXFileReference; lastKnownFileType = file; path = "Old Wise Sketch.otf"; sourceTree = "<group>"; };
		12EC77FD1F2BE2FE0026C667 /* TisprCardStackViewCell.swift */ = {isa = PBXFileReference; fileEncoding = 4; lastKnownFileType = sourcecode.swift; path = TisprCardStackViewCell.swift; sourceTree = "<group>"; };
		12EC77FE1F2BE2FE0026C667 /* TisprCardStackViewController.swift */ = {isa = PBXFileReference; fileEncoding = 4; lastKnownFileType = sourcecode.swift; path = TisprCardStackViewController.swift; sourceTree = "<group>"; };
		12EC77FF1F2BE2FE0026C667 /* TisprCardStackViewLayout.swift */ = {isa = PBXFileReference; fileEncoding = 4; lastKnownFileType = sourcecode.swift; path = TisprCardStackViewLayout.swift; sourceTree = "<group>"; };
		12EC78031F2BE8AA0026C667 /* screenSmoke.sks */ = {isa = PBXFileReference; lastKnownFileType = file.sks; path = screenSmoke.sks; sourceTree = "<group>"; };
		12EC78071F2BE9E50026C667 /* MenuVC.swift */ = {isa = PBXFileReference; fileEncoding = 4; lastKnownFileType = sourcecode.swift; path = MenuVC.swift; sourceTree = "<group>"; };
		12EC780C1F2C02990026C667 /* CircularTransition.swift */ = {isa = PBXFileReference; fileEncoding = 4; lastKnownFileType = sourcecode.swift; path = CircularTransition.swift; sourceTree = "<group>"; };
		7736D0911F3399BC00555037 /* HelpVC.swift */ = {isa = PBXFileReference; fileEncoding = 4; lastKnownFileType = sourcecode.swift; path = HelpVC.swift; sourceTree = "<group>"; };
		77F9E11F1F31040600E48211 /* OldTextLabels.swift */ = {isa = PBXFileReference; fileEncoding = 4; lastKnownFileType = sourcecode.swift; path = OldTextLabels.swift; sourceTree = "<group>"; };
		77F9E1211F310CCE00E48211 /* RegularTextLabels.swift */ = {isa = PBXFileReference; fileEncoding = 4; lastKnownFileType = sourcecode.swift; path = RegularTextLabels.swift; sourceTree = "<group>"; };
/* End PBXFileReference section */

/* Begin PBXFrameworksBuildPhase section */
		120982031F26BBE700EC5D21 /* Frameworks */ = {
			isa = PBXFrameworksBuildPhase;
			buildActionMask = 2147483647;
			files = (
			);
			runOnlyForDeploymentPostprocessing = 0;
		};
/* End PBXFrameworksBuildPhase section */

/* Begin PBXGroup section */
		120981FD1F26BBE700EC5D21 = {
			isa = PBXGroup;
			children = (
				120982081F26BBE700EC5D21 /* UWMod */,
				120982071F26BBE700EC5D21 /* Products */,
			);
			sourceTree = "<group>";
		};
		120982071F26BBE700EC5D21 /* Products */ = {
			isa = PBXGroup;
			children = (
				120982061F26BBE700EC5D21 /* UWMod.app */,
			);
			name = Products;
			sourceTree = "<group>";
		};
		120982081F26BBE700EC5D21 /* UWMod */ = {
			isa = PBXGroup;
			children = (
				12D15E1A1F2D2D0B0057905E /* Categories */,
				12EC77F81F2BDBFA0026C667 /* Main App Files */,
				12EC77D51F26D4F70026C667 /* Model */,
				12EC77CF1F26D4430026C667 /* Storyboards */,
				12EC77F71F2BDBF20026C667 /* Utilities */,
				12EC77D21F26D4BA0026C667 /* ViewControllers */,
				120982101F26BBE700EC5D21 /* Assets.xcassets */,
				120982151F26BBE700EC5D21 /* Info.plist */,
			);
			path = UWMod;
			sourceTree = "<group>";
		};
		123BD0E31F3146FA00B99019 /* Night XIBs */ = {
			isa = PBXGroup;
			children = (
				123BD0E51F31474A00B99019 /* AssignPlayer.xib */,
			);
			name = "Night XIBs";
			sourceTree = "<group>";
		};
		123BD0EF1F32456300B99019 /* Night */ = {
			isa = PBXGroup;
			children = (
				123BD0DB1F3000A000B99019 /* MainNightVC.swift */,
				12EC77E81F2BDAE00026C667 /* NightVC.swift */,
				123BD0D91F2FF34D00B99019 /* NightCell.swift */,
				123BD0ED1F31555B00B99019 /* AssignPlayer.swift */,
			);
			name = Night;
			sourceTree = "<group>";
		};
		1261C2B11F325A6C0099D759 /* PopUpVCs */ = {
			isa = PBXGroup;
			children = (
				123BD0D41F2F6C1600B99019 /* AlertsVC.swift */,
				1261C2B21F325AF20099D759 /* EliminatePlayerVC.swift */,
			);
			name = PopUpVCs;
			sourceTree = "<group>";
		};
		1261C2BA1F32AA3F0099D759 /* Day XIBs */ = {
			isa = PBXGroup;
			children = (
				1261C2BD1F32AA960099D759 /* GeneralInfo.xib */,
			);
			name = "Day XIBs";
			sourceTree = "<group>";
		};
		1261C2BB1F32AA650099D759 /* Day */ = {
			isa = PBXGroup;
			children = (
				12EC77EA1F2BDAEA0026C667 /* DayVC.swift */,
				1261C2BC1F32AA960099D759 /* GeneralInfo.swift */,
			);
			name = Day;
			sourceTree = "<group>";
		};
		12D15E1A1F2D2D0B0057905E /* Categories */ = {
			isa = PBXGroup;
			children = (
				12EC780C1F2C02990026C667 /* CircularTransition.swift */,
				12D15E1D1F2D2E7E0057905E /* PMSuperButton.swift */,
				12D15E261F2EB0AB0057905E /* FadeAnimations.swift */,
				12D15E281F2EBCCA0057905E /* ColourDefinitions.swift */,
				12D15E2A1F2EC5420057905E /* ArrayExtension.swift */,
				123BD0D61F2FE66400B99019 /* StringExtensions.swift */,
				77F9E11F1F31040600E48211 /* OldTextLabels.swift */,
				77F9E1211F310CCE00E48211 /* RegularTextLabels.swift */,
				12EC78031F2BE8AA0026C667 /* screenSmoke.sks */,
			);
			name = Categories;
			sourceTree = "<group>";
		};
		12D15E241F2EA85B0057905E /* PreGameVCs */ = {
			isa = PBXGroup;
			children = (
				12EC78071F2BE9E50026C667 /* MenuVC.swift */,
				7736D0911F3399BC00555037 /* HelpVC.swift */,
				12EC77D01F26D4AA0026C667 /* AboutVC.swift */,
				12EC77E61F2BDAC00026C667 /* PlayerSelectVC.swift */,
				1260ED321F2C2A78001A8F7B /* AddPlayerVC.swift */,
				12EC77E41F2BDAB00026C667 /* RoleSelectVC.swift */,
				12D15E1F1F2E82870057905E /* RoleSelectionCell.swift */,
			);
			name = PreGameVCs;
			sourceTree = "<group>";
		};
		12D15E251F2EA8660057905E /* GameVCs */ = {
			isa = PBXGroup;
			children = (
				12D15E221F2EA8470057905E /* MainGameVC.swift */,
				123BD0EF1F32456300B99019 /* Night */,
				1261C2BB1F32AA650099D759 /* Day */,
			);
			name = GameVCs;
			sourceTree = "<group>";
		};
		12EC77CF1F26D4430026C667 /* Storyboards */ = {
			isa = PBXGroup;
			children = (
				120982121F26BBE700EC5D21 /* LaunchScreen.storyboard */,
				1209820D1F26BBE700EC5D21 /* Main.storyboard */,
				12EC77F31F2BDBD90026C667 /* NightPhase.storyboard */,
				12EC77F51F2BDBE40026C667 /* DayPhase.storyboard */,
				123BD0D21F2F6BF600B99019 /* Popups.storyboard */,
				123BD0E31F3146FA00B99019 /* Night XIBs */,
				1261C2BA1F32AA3F0099D759 /* Day XIBs */,
			);
			name = Storyboards;
			sourceTree = "<group>";
		};
		12EC77D21F26D4BA0026C667 /* ViewControllers */ = {
			isa = PBXGroup;
			children = (
				1261C2B11F325A6C0099D759 /* PopUpVCs */,
				12D15E241F2EA85B0057905E /* PreGameVCs */,
				12D15E251F2EA8660057905E /* GameVCs */,
			);
			name = ViewControllers;
			sourceTree = "<group>";
		};
		12EC77D51F26D4F70026C667 /* Model */ = {
			isa = PBXGroup;
			children = (
				12EC77DE1F2978920026C667 /* Artifacts.swift */,
				12EC77E01F297A3E0026C667 /* ArtifactConstants.swift */,
				12EC77D81F26DD250026C667 /* Constants.swift */,
				12EC77DC1F2831C90026C667 /* Game.swift */,
				12EC77DA1F27541A0026C667 /* Player.swift */,
				12EC77D31F26D4DC0026C667 /* Roles.swift */,
				12EC77E21F29881F0026C667 /* RoleConstants.swift */,
				1261C2B61F3265DA0099D759 /* File.swift */,
			);
			name = Model;
			sourceTree = "<group>";
		};
		12EC77F71F2BDBF20026C667 /* Utilities */ = {
			isa = PBXGroup;
			children = (
				12EC77FC1F2BE2EC0026C667 /* Tispr */,
			);
			name = Utilities;
			sourceTree = "<group>";
		};
		12EC77F81F2BDBFA0026C667 /* Main App Files */ = {
			isa = PBXGroup;
			children = (
				12EC77F91F2BE1A70026C667 /* Fonts */,
				120982091F26BBE700EC5D21 /* AppDelegate.swift */,
			);
			name = "Main App Files";
			sourceTree = "<group>";
		};
		12EC77F91F2BE1A70026C667 /* Fonts */ = {
			isa = PBXGroup;
			children = (
				12EC77FA1F2BE1D40026C667 /* Old Wise Sketch.otf */,
			);
			name = Fonts;
			sourceTree = "<group>";
		};
		12EC77FC1F2BE2EC0026C667 /* Tispr */ = {
			isa = PBXGroup;
			children = (
				12EC77FD1F2BE2FE0026C667 /* TisprCardStackViewCell.swift */,
				12EC77FE1F2BE2FE0026C667 /* TisprCardStackViewController.swift */,
				12EC77FF1F2BE2FE0026C667 /* TisprCardStackViewLayout.swift */,
			);
			name = Tispr;
			sourceTree = "<group>";
		};
/* End PBXGroup section */

/* Begin PBXNativeTarget section */
		120982051F26BBE700EC5D21 /* UWMod */ = {
			isa = PBXNativeTarget;
			buildConfigurationList = 120982181F26BBE700EC5D21 /* Build configuration list for PBXNativeTarget "UWMod" */;
			buildPhases = (
				120982021F26BBE700EC5D21 /* Sources */,
				120982031F26BBE700EC5D21 /* Frameworks */,
				120982041F26BBE700EC5D21 /* Resources */,
			);
			buildRules = (
			);
			dependencies = (
			);
			name = UWMod;
			productName = UWMod;
			productReference = 120982061F26BBE700EC5D21 /* UWMod.app */;
			productType = "com.apple.product-type.application";
		};
/* End PBXNativeTarget section */

/* Begin PBXProject section */
		120981FE1F26BBE700EC5D21 /* Project object */ = {
			isa = PBXProject;
			attributes = {
				LastSwiftUpdateCheck = 0830;
				LastUpgradeCheck = 0830;
				ORGANIZATIONNAME = "roux g. buciu";
				TargetAttributes = {
					120982051F26BBE700EC5D21 = {
						CreatedOnToolsVersion = 8.3.3;
						DevelopmentTeam = 8DD4C7KK4P;
						ProvisioningStyle = Automatic;
					};
				};
			};
			buildConfigurationList = 120982011F26BBE700EC5D21 /* Build configuration list for PBXProject "UWMod" */;
			compatibilityVersion = "Xcode 3.2";
			developmentRegion = English;
			hasScannedForEncodings = 0;
			knownRegions = (
				en,
				Base,
			);
			mainGroup = 120981FD1F26BBE700EC5D21;
			productRefGroup = 120982071F26BBE700EC5D21 /* Products */;
			projectDirPath = "";
			projectRoot = "";
			targets = (
				120982051F26BBE700EC5D21 /* UWMod */,
			);
		};
/* End PBXProject section */

/* Begin PBXResourcesBuildPhase section */
		120982041F26BBE700EC5D21 /* Resources */ = {
			isa = PBXResourcesBuildPhase;
			buildActionMask = 2147483647;
			files = (
				120982141F26BBE700EC5D21 /* LaunchScreen.storyboard in Resources */,
				12EC77F61F2BDBE40026C667 /* DayPhase.storyboard in Resources */,
				120982111F26BBE700EC5D21 /* Assets.xcassets in Resources */,
				123BD0D31F2F6BF600B99019 /* Popups.storyboard in Resources */,
				12EC77F41F2BDBD90026C667 /* NightPhase.storyboard in Resources */,
				12EC78041F2BE8AA0026C667 /* screenSmoke.sks in Resources */,
				12EC77FB1F2BE1D40026C667 /* Old Wise Sketch.otf in Resources */,
				1209820F1F26BBE700EC5D21 /* Main.storyboard in Resources */,
				1261C2BF1F32AA960099D759 /* GeneralInfo.xib in Resources */,
				123BD0E61F31474A00B99019 /* AssignPlayer.xib in Resources */,
			);
			runOnlyForDeploymentPostprocessing = 0;
		};
/* End PBXResourcesBuildPhase section */

/* Begin PBXSourcesBuildPhase section */
		120982021F26BBE700EC5D21 /* Sources */ = {
			isa = PBXSourcesBuildPhase;
			buildActionMask = 2147483647;
			files = (
				12D15E2B1F2EC5420057905E /* ArrayExtension.swift in Sources */,
				123BD0D51F2F6C1600B99019 /* AlertsVC.swift in Sources */,
				77F9E1221F310CCE00E48211 /* RegularTextLabels.swift in Sources */,
				12EC77D91F26DD250026C667 /* Constants.swift in Sources */,
				12EC77E91F2BDAE00026C667 /* NightVC.swift in Sources */,
				12D15E1E1F2D2E7E0057905E /* PMSuperButton.swift in Sources */,
				77F9E1201F31040600E48211 /* OldTextLabels.swift in Sources */,
				12D15E231F2EA8470057905E /* MainGameVC.swift in Sources */,
				12D15E201F2E82870057905E /* RoleSelectionCell.swift in Sources */,
				12EC77E71F2BDAC00026C667 /* PlayerSelectVC.swift in Sources */,
				1260ED331F2C2A78001A8F7B /* AddPlayerVC.swift in Sources */,
				12EC77E31F29881F0026C667 /* RoleConstants.swift in Sources */,
				12D15E271F2EB0AB0057905E /* FadeAnimations.swift in Sources */,
				12EC78081F2BE9E50026C667 /* MenuVC.swift in Sources */,
				123BD0DA1F2FF34D00B99019 /* NightCell.swift in Sources */,
				12D15E291F2EBCCA0057905E /* ColourDefinitions.swift in Sources */,
				1261C2BE1F32AA960099D759 /* GeneralInfo.swift in Sources */,
				12EC77DD1F2831C90026C667 /* Game.swift in Sources */,
				12EC78011F2BE2FE0026C667 /* TisprCardStackViewController.swift in Sources */,
				123BD0DC1F3000A000B99019 /* MainNightVC.swift in Sources */,
				12EC77DF1F2978920026C667 /* Artifacts.swift in Sources */,
				12EC78021F2BE2FE0026C667 /* TisprCardStackViewLayout.swift in Sources */,
				1209820A1F26BBE700EC5D21 /* AppDelegate.swift in Sources */,
				12EC77D11F26D4AA0026C667 /* AboutVC.swift in Sources */,
				12EC77E11F297A3E0026C667 /* ArtifactConstants.swift in Sources */,
				12EC77DB1F27541A0026C667 /* Player.swift in Sources */,
				123BD0D71F2FE66400B99019 /* StringExtensions.swift in Sources */,
				12EC780D1F2C02990026C667 /* CircularTransition.swift in Sources */,
				12EC77E51F2BDAB00026C667 /* RoleSelectVC.swift in Sources */,
				12EC77D41F26D4DC0026C667 /* Roles.swift in Sources */,
				1261C2B71F3265DA0099D759 /* File.swift in Sources */,
				12EC77EB1F2BDAEA0026C667 /* DayVC.swift in Sources */,
				12EC78001F2BE2FE0026C667 /* TisprCardStackViewCell.swift in Sources */,
				7736D0921F3399BC00555037 /* HelpVC.swift in Sources */,
				1261C2B31F325AF20099D759 /* EliminatePlayerVC.swift in Sources */,
				123BD0EE1F31555B00B99019 /* AssignPlayer.swift in Sources */,
			);
			runOnlyForDeploymentPostprocessing = 0;
		};
/* End PBXSourcesBuildPhase section */

/* Begin PBXVariantGroup section */
		1209820D1F26BBE700EC5D21 /* Main.storyboard */ = {
			isa = PBXVariantGroup;
			children = (
				1209820E1F26BBE700EC5D21 /* Base */,
			);
			name = Main.storyboard;
			sourceTree = "<group>";
		};
		120982121F26BBE700EC5D21 /* LaunchScreen.storyboard */ = {
			isa = PBXVariantGroup;
			children = (
				120982131F26BBE700EC5D21 /* Base */,
			);
			name = LaunchScreen.storyboard;
			sourceTree = "<group>";
		};
/* End PBXVariantGroup section */

/* Begin XCBuildConfiguration section */
		120982161F26BBE700EC5D21 /* Debug */ = {
			isa = XCBuildConfiguration;
			buildSettings = {
				ALWAYS_SEARCH_USER_PATHS = NO;
				CLANG_ANALYZER_NONNULL = YES;
				CLANG_ANALYZER_NUMBER_OBJECT_CONVERSION = YES_AGGRESSIVE;
				CLANG_CXX_LANGUAGE_STANDARD = "gnu++0x";
				CLANG_CXX_LIBRARY = "libc++";
				CLANG_ENABLE_MODULES = YES;
				CLANG_ENABLE_OBJC_ARC = YES;
				CLANG_WARN_BOOL_CONVERSION = YES;
				CLANG_WARN_CONSTANT_CONVERSION = YES;
				CLANG_WARN_DIRECT_OBJC_ISA_USAGE = YES_ERROR;
				CLANG_WARN_DOCUMENTATION_COMMENTS = YES;
				CLANG_WARN_EMPTY_BODY = YES;
				CLANG_WARN_ENUM_CONVERSION = YES;
				CLANG_WARN_INFINITE_RECURSION = YES;
				CLANG_WARN_INT_CONVERSION = YES;
				CLANG_WARN_OBJC_ROOT_CLASS = YES_ERROR;
				CLANG_WARN_SUSPICIOUS_MOVE = YES;
				CLANG_WARN_UNREACHABLE_CODE = YES;
				CLANG_WARN__DUPLICATE_METHOD_MATCH = YES;
				"CODE_SIGN_IDENTITY[sdk=iphoneos*]" = "iPhone Developer";
				COPY_PHASE_STRIP = NO;
				DEBUG_INFORMATION_FORMAT = dwarf;
				ENABLE_STRICT_OBJC_MSGSEND = YES;
				ENABLE_TESTABILITY = YES;
				GCC_C_LANGUAGE_STANDARD = gnu99;
				GCC_DYNAMIC_NO_PIC = NO;
				GCC_NO_COMMON_BLOCKS = YES;
				GCC_OPTIMIZATION_LEVEL = 0;
				GCC_PREPROCESSOR_DEFINITIONS = (
					"DEBUG=1",
					"$(inherited)",
				);
				GCC_WARN_64_TO_32_BIT_CONVERSION = YES;
				GCC_WARN_ABOUT_RETURN_TYPE = YES_ERROR;
				GCC_WARN_UNDECLARED_SELECTOR = YES;
				GCC_WARN_UNINITIALIZED_AUTOS = YES_AGGRESSIVE;
				GCC_WARN_UNUSED_FUNCTION = YES;
				GCC_WARN_UNUSED_VARIABLE = YES;
				IPHONEOS_DEPLOYMENT_TARGET = 10.3;
				MTL_ENABLE_DEBUG_INFO = YES;
				ONLY_ACTIVE_ARCH = YES;
				SDKROOT = iphoneos;
				SWIFT_ACTIVE_COMPILATION_CONDITIONS = DEBUG;
				SWIFT_OPTIMIZATION_LEVEL = "-Onone";
			};
			name = Debug;
		};
		120982171F26BBE700EC5D21 /* Release */ = {
			isa = XCBuildConfiguration;
			buildSettings = {
				ALWAYS_SEARCH_USER_PATHS = NO;
				CLANG_ANALYZER_NONNULL = YES;
				CLANG_ANALYZER_NUMBER_OBJECT_CONVERSION = YES_AGGRESSIVE;
				CLANG_CXX_LANGUAGE_STANDARD = "gnu++0x";
				CLANG_CXX_LIBRARY = "libc++";
				CLANG_ENABLE_MODULES = YES;
				CLANG_ENABLE_OBJC_ARC = YES;
				CLANG_WARN_BOOL_CONVERSION = YES;
				CLANG_WARN_CONSTANT_CONVERSION = YES;
				CLANG_WARN_DIRECT_OBJC_ISA_USAGE = YES_ERROR;
				CLANG_WARN_DOCUMENTATION_COMMENTS = YES;
				CLANG_WARN_EMPTY_BODY = YES;
				CLANG_WARN_ENUM_CONVERSION = YES;
				CLANG_WARN_INFINITE_RECURSION = YES;
				CLANG_WARN_INT_CONVERSION = YES;
				CLANG_WARN_OBJC_ROOT_CLASS = YES_ERROR;
				CLANG_WARN_SUSPICIOUS_MOVE = YES;
				CLANG_WARN_UNREACHABLE_CODE = YES;
				CLANG_WARN__DUPLICATE_METHOD_MATCH = YES;
				"CODE_SIGN_IDENTITY[sdk=iphoneos*]" = "iPhone Developer";
				COPY_PHASE_STRIP = NO;
				DEBUG_INFORMATION_FORMAT = "dwarf-with-dsym";
				ENABLE_NS_ASSERTIONS = NO;
				ENABLE_STRICT_OBJC_MSGSEND = YES;
				GCC_C_LANGUAGE_STANDARD = gnu99;
				GCC_NO_COMMON_BLOCKS = YES;
				GCC_WARN_64_TO_32_BIT_CONVERSION = YES;
				GCC_WARN_ABOUT_RETURN_TYPE = YES_ERROR;
				GCC_WARN_UNDECLARED_SELECTOR = YES;
				GCC_WARN_UNINITIALIZED_AUTOS = YES_AGGRESSIVE;
				GCC_WARN_UNUSED_FUNCTION = YES;
				GCC_WARN_UNUSED_VARIABLE = YES;
				IPHONEOS_DEPLOYMENT_TARGET = 10.3;
				MTL_ENABLE_DEBUG_INFO = NO;
				SDKROOT = iphoneos;
				SWIFT_OPTIMIZATION_LEVEL = "-Owholemodule";
				VALIDATE_PRODUCT = YES;
			};
			name = Release;
		};
		120982191F26BBE700EC5D21 /* Debug */ = {
			isa = XCBuildConfiguration;
			buildSettings = {
				ASSETCATALOG_COMPILER_APPICON_NAME = AppIcon;
				DEVELOPMENT_TEAM = 8DD4C7KK4P;
				INFOPLIST_FILE = UWMod/Info.plist;
				LD_RUNPATH_SEARCH_PATHS = "$(inherited) @executable_path/Frameworks";
				PRODUCT_BUNDLE_IDENTIFIER = com.acmelabs.UWMod;
				PRODUCT_NAME = "$(TARGET_NAME)";
				SWIFT_VERSION = 3.0;
			};
			name = Debug;
		};
		1209821A1F26BBE700EC5D21 /* Release */ = {
			isa = XCBuildConfiguration;
			buildSettings = {
				ASSETCATALOG_COMPILER_APPICON_NAME = AppIcon;
				DEVELOPMENT_TEAM = 8DD4C7KK4P;
				INFOPLIST_FILE = UWMod/Info.plist;
				LD_RUNPATH_SEARCH_PATHS = "$(inherited) @executable_path/Frameworks";
				PRODUCT_BUNDLE_IDENTIFIER = com.acmelabs.UWMod;
				PRODUCT_NAME = "$(TARGET_NAME)";
				SWIFT_VERSION = 3.0;
			};
			name = Release;
		};
/* End XCBuildConfiguration section */

/* Begin XCConfigurationList section */
		120982011F26BBE700EC5D21 /* Build configuration list for PBXProject "UWMod" */ = {
			isa = XCConfigurationList;
			buildConfigurations = (
				120982161F26BBE700EC5D21 /* Debug */,
				120982171F26BBE700EC5D21 /* Release */,
			);
			defaultConfigurationIsVisible = 0;
			defaultConfigurationName = Release;
		};
		120982181F26BBE700EC5D21 /* Build configuration list for PBXNativeTarget "UWMod" */ = {
			isa = XCConfigurationList;
			buildConfigurations = (
				120982191F26BBE700EC5D21 /* Debug */,
				1209821A1F26BBE700EC5D21 /* Release */,
			);
			defaultConfigurationIsVisible = 0;
			defaultConfigurationName = Release;
		};
/* End XCConfigurationList section */
	};
	rootObject = 120981FE1F26BBE700EC5D21 /* Project object */;
}
